
Microsoft Visual Studio Solution File, Format Version 12.00
# Visual Studio Version 17
VisualStudioVersion = 17.4.33213.308
MinimumVisualStudioVersion = 10.0.40219.1
Project("{9A19103F-16F7-4668-BE54-9A1E7A4F7556}") = "CompareJson.Api", "CompareJson.Api\CompareJson.Api.csproj", "{42963D8C-7DBA-491F-9B9E-F99453AB67DE}"
EndProject
Global
	GlobalSection(SolutionConfigurationPlatforms) = preSolution
		Debug|Any CPU = Debug|Any CPU
		Release|Any CPU = Release|Any CPU
	EndGlobalSection
	GlobalSection(ProjectConfigurationPlatforms) = postSolution
		{42963D8C-7DBA-491F-9B9E-F99453AB67DE}.Debug|Any CPU.ActiveCfg = Debug|Any CPU
		{42963D8C-7DBA-491F-9B9E-F99453AB67DE}.Debug|Any CPU.Build.0 = Debug|Any CPU
		{42963D8C-7DBA-491F-9B9E-F99453AB67DE}.Release|Any CPU.ActiveCfg = Release|Any CPU
		{42963D8C-7DBA-491F-9B9E-F99453AB67DE}.Release|Any CPU.Build.0 = Release|Any CPU
	EndGlobalSection
	GlobalSection(SolutionProperties) = preSolution
		HideSolutionNode = FALSE
	EndGlobalSection
	GlobalSection(ExtensibilityGlobals) = postSolution
		SolutionGuid = {31B1ACE9-FBF1-4472-9708-B46819413320}
	EndGlobalSection
EndGlobal
